Microsoft Visual Studio Solution File, Format Version 12.00
# Visual Studio 2012
Project("{8BC9CEB8-8B4A-11D0-8D11-00A0C91BC942}") = "ndisprot", "ndisprot\ndisprot.vcxproj", "{39B1A5C4-F474-4452-BC81-A9C1032F0769}"
EndProject
Project("{8BC9CEB8-8B4A-11D0-8D11-00A0C91BC942}") = "comcap", "comcap\comcap.vcxproj", "{E627A9FB-6411-4A89-A859-49C95FC525AA}"
EndProject
Project("{8BC9CEB8-8B4A-11D0-8D11-00A0C91BC942}") = "ctrl2cap", "ctrl2cap\ctrl2cap.vcxproj", "{546948C3-445A-4085-8F0A-9E2C61326CD6}"
EndProject
Project("{8BC9CEB8-8B4A-11D0-8D11-00A0C91BC942}") = "ps2intcap", "ps2intcap\ps2intcap.vcxproj", "{54B4FCD6-6FD2-4C47-8338-7F1F3E4D10C5}"
EndProject
Project("{8BC9CEB8-8B4A-11D0-8D11-00A0C91BC942}") = "sfilter", "sfilter\sfilter.vcxproj", "{F0A10C37-22C4-4F5F-B696-5165D941AF40}"
EndProject
Project("{8BC9CEB8-8B4A-11D0-8D11-00A0C91BC942}") = "crypt_file", "crypt_file\crypt_file.vcxproj", "{6A24634C-2A00-42A2-9AAE-DAB36D15EA7B}"
EndProject
Project("{8BC9CEB8-8B4A-11D0-8D11-00A0C91BC942}") = "sflt_smpl", "sflt_smpl\sflt_smpl.vcxproj", "{A1A859B9-6FC2-4A3E-9517-7BF432D4E49E}"
EndProject
Project("{8BC9CEB8-8B4A-11D0-8D11-00A0C91BC942}") = "ndisedge", "ndisedge\ndisedge.vcxproj", "{13DB01DB-A9CC-4194-8197-19A0D618B48C}"
EndProject
Project("{8BC9CEB8-8B4A-11D0-8D11-00A0C91BC942}") = "tdi_fw", "tdi_fw\tdi_fw.vcxproj", "{CBEA352C-64AF-44BB-BDE0-793DF97DE029}"
EndProject
Project("{8BC9CEB8-8B4A-11D0-8D11-00A0C91BC942}") = "tdifw_smpl", "tdifw_smpl\tdifw_smpl.vcxproj", "{5240197D-5575-40D3-92DA-77A7403CA689}"
EndProject
Project("{8BC9CEB8-8B4A-11D0-8D11-00A0C91BC942}") = "DP", "DP\DP.vcxproj", "{24F0CEB3-B124-45A7-B449-31497733AF6F}"
EndProject
Project("{8BC9CEB8-8B4A-11D0-8D11-00A0C91BC942}") = "ramdisk_wdf", "ramdisk_wdf\ramdisk_wdf.vcxproj", "{3803F1BA-68AF-4463-B953-E1C2D5A72D28}"
EndProject
Project("{8BC9CEB8-8B4A-11D0-8D11-00A0C91BC942}") = "first", "first\first.vcxproj", "{E5E764A3-E273-4A11-8EA1-3CC6CF743822}"
EndProject
Project("{8BC9CEB8-8B4A-11D0-8D11-00A0C91BC942}") = "minifilter", "minifilter\minifilter.vcxproj", "{C59945F0-C4CB-48CB-86C4-5854340D569E}"
EndProject
Project("{8BC9CEB8-8B4A-11D0-8D11-00A0C91BC942}") = "minifilter_app", "minifilter_app\minifilter_app.vcxproj", "{A5520185-2CF7-4355-943C-13DCD0A57E34}"
EndProject
Project("{8BC9CEB8-8B4A-11D0-8D11-00A0C91BC942}") = "minifilter_dll", "minifilter_dll\minifilter_dll.vcxproj", "{3D8BE866-4D32-4DA4-937C-2D5825F0233C}"
EndProject
Project("{8BC9CEB8-8B4A-11D0-8D11-00A0C91BC942}") = "passthru", "passthru\passthru.vcxproj", "{E40D9A05-AD77-409F-A098-2BECE4B012C0}"
EndProject
Global
	GlobalSection(SolutionConfigurationPlatforms) = preSolution
		Debug|Win32 = Debug|Win32
		Release|Win32 = Release|Win32
		VISTA Checked|Win32 = VISTA Checked|Win32
		VISTA Free|Win32 = VISTA Free|Win32
		W2KDebug|Win32 = W2KDebug|Win32
		W2KRelease|Win32 = W2KRelease|Win32
		win2000 chk|Win32 = win2000 chk|Win32
		win2000 fre|Win32 = win2000 fre|Win32
		win2003 chk|Win32 = win2003 chk|Win32
		win2003 fre|Win32 = win2003 fre|Win32
		winxp chk|Win32 = winxp chk|Win32
		winxp fre|Win32 = winxp fre|Win32
		WNETDebug|Win32 = WNETDebug|Win32
		WNETRelease|Win32 = WNETRelease|Win32
		XP Checked|Win32 = XP Checked|Win32
		XP Free|Win32 = XP Free|Win32
	EndGlobalSection
	GlobalSection(ProjectConfigurationPlatforms) = postSolution
		{39B1A5C4-F474-4452-BC81-A9C1032F0769}.Debug|Win32.ActiveCfg = Debug|Win32
		{39B1A5C4-F474-4452-BC81-A9C1032F0769}.Debug|Win32.Build.0 = Debug|Win32
		{39B1A5C4-F474-4452-BC81-A9C1032F0769}.Release|Win32.ActiveCfg = Release|Win32
		{39B1A5C4-F474-4452-BC81-A9C1032F0769}.Release|Win32.Build.0 = Release|Win32
		{39B1A5C4-F474-4452-BC81-A9C1032F0769}.VISTA Checked|Win32.ActiveCfg = Release|Win32
		{39B1A5C4-F474-4452-BC81-A9C1032F0769}.VISTA Checked|Win32.Build.0 = Release|Win32
		{39B1A5C4-F474-4452-BC81-A9C1032F0769}.VISTA Free|Win32.ActiveCfg = Release|Win32
		{39B1A5C4-F474-4452-BC81-A9C1032F0769}.VISTA Free|Win32.Build.0 = Release|Win32
		{39B1A5C4-F474-4452-BC81-A9C1032F0769}.W2KDebug|Win32.ActiveCfg = Debug|Win32
		{39B1A5C4-F474-4452-BC81-A9C1032F0769}.W2KDebug|Win32.Build.0 = Debug|Win32
		{39B1A5C4-F474-4452-BC81-A9C1032F0769}.W2KRelease|Win32.ActiveCfg = Release|Win32
		{39B1A5C4-F474-4452-BC81-A9C1032F0769}.W2KRelease|Win32.Build.0 = Release|Win32
		{39B1A5C4-F474-4452-BC81-A9C1032F0769}.win2000 chk|Win32.ActiveCfg = Release|Win32
		{39B1A5C4-F474-4452-BC81-A9C1032F0769}.win2000 chk|Win32.Build.0 = Release|Win32
		{39B1A5C4-F474-4452-BC81-A9C1032F0769}.win2000 fre|Win32.ActiveCfg = Release|Win32
		{39B1A5C4-F474-4452-BC81-A9C1032F0769}.win2000 fre|Win32.Build.0 = Release|Win32
		{39B1A5C4-F474-4452-BC81-A9C1032F0769}.win2003 chk|Win32.ActiveCfg = Release|Win32
		{39B1A5C4-F474-4452-BC81-A9C1032F0769}.win2003 chk|Win32.Build.0 = Release|Win32
		{39B1A5C4-F474-4452-BC81-A9C1032F0769}.win2003 fre|Win32.ActiveCfg = Release|Win32
		{39B1A5C4-F474-4452-BC81-A9C1032F0769}.win2003 fre|Win32.Build.0 = Release|Win32
		{39B1A5C4-F474-4452-BC81-A9C1032F0769}.winxp chk|Win32.ActiveCfg = Release|Win32
		{39B1A5C4-F474-4452-BC81-A9C1032F0769}.winxp chk|Win32.Build.0 = Release|Win32
		{39B1A5C4-F474-4452-BC81-A9C1032F0769}.winxp fre|Win32.ActiveCfg = Release|Win32
		{39B1A5C4-F474-4452-BC81-A9C1032F0769}.winxp fre|Win32.Build.0 = Release|Win32
		{39B1A5C4-F474-4452-BC81-A9C1032F0769}.WNETDebug|Win32.ActiveCfg = Debug|Win32
		{39B1A5C4-F474-4452-BC81-A9C1032F0769}.WNETDebug|Win32.Build.0 = Debug|Win32
		{39B1A5C4-F474-4452-BC81-A9C1032F0769}.WNETRelease|Win32.ActiveCfg = Release|Win32
		{39B1A5C4-F474-4452-BC81-A9C1032F0769}.WNETRelease|Win32.Build.0 = Release|Win32
		{39B1A5C4-F474-4452-BC81-A9C1032F0769}.XP Checked|Win32.ActiveCfg = Release|Win32
		{39B1A5C4-F474-4452-BC81-A9C1032F0769}.XP Checked|Win32.Build.0 = Release|Win32
		{39B1A5C4-F474-4452-BC81-A9C1032F0769}.XP Free|Win32.ActiveCfg = Release|Win32
		{39B1A5C4-F474-4452-BC81-A9C1032F0769}.XP Free|Win32.Build.0 = Release|Win32
		{E627A9FB-6411-4A89-A859-49C95FC525AA}.Debug|Win32.ActiveCfg = Debug|Win32
		{E627A9FB-6411-4A89-A859-49C95FC525AA}.Debug|Win32.Build.0 = Debug|Win32
		{E627A9FB-6411-4A89-A859-49C95FC525AA}.Release|Win32.ActiveCfg = Release|Win32
		{E627A9FB-6411-4A89-A859-49C95FC525AA}.Release|Win32.Build.0 = Release|Win32
		{E627A9FB-6411-4A89-A859-49C95FC525AA}.VISTA Checked|Win32.ActiveCfg = Release|Win32
		{E627A9FB-6411-4A89-A859-49C95FC525AA}.VISTA Checked|Win32.Build.0 = Release|Win32
		{E627A9FB-6411-4A89-A859-49C95FC525AA}.VISTA Free|Win32.ActiveCfg = Release|Win32
		{E627A9FB-6411-4A89-A859-49C95FC525AA}.VISTA Free|Win32.Build.0 = Release|Win32
		{E627A9FB-6411-4A89-A859-49C95FC525AA}.W2KDebug|Win32.ActiveCfg = Debug|Win32
		{E627A9FB-6411-4A89-A859-49C95FC525AA}.W2KDebug|Win32.Build.0 = Debug|Win32
		{E627A9FB-6411-4A89-A859-49C95FC525AA}.W2KRelease|Win32.ActiveCfg = Release|Win32
		{E627A9FB-6411-4A89-A859-49C95FC525AA}.W2KRelease|Win32.Build.0 = Release|Win32
		{E627A9FB-6411-4A89-A859-49C95FC525AA}.win2000 chk|Win32.ActiveCfg = Release|Win32
		{E627A9FB-6411-4A89-A859-49C95FC525AA}.win2000 chk|Win32.Build.0 = Release|Win32
		{E627A9FB-6411-4A89-A859-49C95FC525AA}.win2000 fre|Win32.ActiveCfg = Release|Win32
		{E627A9FB-6411-4A89-A859-49C95FC525AA}.win2000 fre|Win32.Build.0 = Release|Win32
		{E627A9FB-6411-4A89-A859-49C95FC525AA}.win2003 chk|Win32.ActiveCfg = Release|Win32
		{E627A9FB-6411-4A89-A859-49C95FC525AA}.win2003 chk|Win32.Build.0 = Release|Win32
		{E627A9FB-6411-4A89-A859-49C95FC525AA}.win2003 fre|Win32.ActiveCfg = Release|Win32
		{E627A9FB-6411-4A89-A859-49C95FC525AA}.win2003 fre|Win32.Build.0 = Release|Win32
		{E627A9FB-6411-4A89-A859-49C95FC525AA}.winxp chk|Win32.ActiveCfg = Release|Win32
		{E627A9FB-6411-4A89-A859-49C95FC525AA}.winxp chk|Win32.Build.0 = Release|Win32
		{E627A9FB-6411-4A89-A859-49C95FC525AA}.winxp fre|Win32.ActiveCfg = Release|Win32
		{E627A9FB-6411-4A89-A859-49C95FC525AA}.winxp fre|Win32.Build.0 = Release|Win32
		{E627A9FB-6411-4A89-A859-49C95FC525AA}.WNETDebug|Win32.ActiveCfg = Debug|Win32
		{E627A9FB-6411-4A89-A859-49C95FC525AA}.WNETDebug|Win32.Build.0 = Debug|Win32
		{E627A9FB-6411-4A89-A859-49C95FC525AA}.WNETRelease|Win32.ActiveCfg = Release|Win32
		{E627A9FB-6411-4A89-A859-49C95FC525AA}.WNETRelease|Win32.Build.0 = Release|Win32
		{E627A9FB-6411-4A89-A859-49C95FC525AA}.XP Checked|Win32.ActiveCfg = Release|Win32
		{E627A9FB-6411-4A89-A859-49C95FC525AA}.XP Checked|Win32.Build.0 = Release|Win32
		{E627A9FB-6411-4A89-A859-49C95FC525AA}.XP Free|Win32.ActiveCfg = Release|Win32
		{E627A9FB-6411-4A89-A859-49C95FC525AA}.XP Free|Win32.Build.0 = Release|Win32
		{546948C3-445A-4085-8F0A-9E2C61326CD6}.Debug|Win32.ActiveCfg = Debug|Win32
		{546948C3-445A-4085-8F0A-9E2C61326CD6}.Debug|Win32.Build.0 = Debug|Win32
		{546948C3-445A-4085-8F0A-9E2C61326CD6}.Release|Win32.ActiveCfg = Release|Win32
		{546948C3-445A-4085-8F0A-9E2C61326CD6}.Release|Win32.Build.0 = Release|Win32
		{546948C3-445A-4085-8F0A-9E2C61326CD6}.VISTA Checked|Win32.ActiveCfg = Release|Win32
		{546948C3-445A-4085-8F0A-9E2C61326CD6}.VISTA Checked|Win32.Build.0 = Release|Win32
		{546948C3-445A-4085-8F0A-9E2C61326CD6}.VISTA Free|Win32.ActiveCfg = Release|Win32
		{546948C3-445A-4085-8F0A-9E2C61326CD6}.VISTA Free|Win32.Build.0 = Release|Win32
		{546948C3-445A-4085-8F0A-9E2C61326CD6}.W2KDebug|Win32.ActiveCfg = Debug|Win32
		{546948C3-445A-4085-8F0A-9E2C61326CD6}.W2KDebug|Win32.Build.0 = Debug|Win32
		{546948C3-445A-4085-8F0A-9E2C61326CD6}.W2KRelease|Win32.ActiveCfg = Release|Win32
		{546948C3-445A-4085-8F0A-9E2C61326CD6}.W2KRelease|Win32.Build.0 = Release|Win32
		{546948C3-445A-4085-8F0A-9E2C61326CD6}.win2000 chk|Win32.ActiveCfg = Release|Win32
		{546948C3-445A-4085-8F0A-9E2C61326CD6}.win2000 chk|Win32.Build.0 = Release|Win32
		{546948C3-445A-4085-8F0A-9E2C61326CD6}.win2000 fre|Win32.ActiveCfg = Release|Win32
		{546948C3-445A-4085-8F0A-9E2C61326CD6}.win2000 fre|Win32.Build.0 = Release|Win32
		{546948C3-445A-4085-8F0A-9E2C61326CD6}.win2003 chk|Win32.ActiveCfg = Release|Win32
		{546948C3-445A-4085-8F0A-9E2C61326CD6}.win2003 chk|Win32.Build.0 = Release|Win32
		{546948C3-445A-4085-8F0A-9E2C61326CD6}.win2003 fre|Win32.ActiveCfg = Release|Win32
		{546948C3-445A-4085-8F0A-9E2C61326CD6}.win2003 fre|Win32.Build.0 = Release|Win32
		{546948C3-445A-4085-8F0A-9E2C61326CD6}.winxp chk|Win32.ActiveCfg = Release|Win32
		{546948C3-445A-4085-8F0A-9E2C61326CD6}.winxp chk|Win32.Build.0 = Release|Win32
		{546948C3-445A-4085-8F0A-9E2C61326CD6}.winxp fre|Win32.ActiveCfg = Release|Win32
		{546948C3-445A-4085-8F0A-9E2C61326CD6}.winxp fre|Win32.Build.0 = Release|Win32
		{546948C3-445A-4085-8F0A-9E2C61326CD6}.WNETDebug|Win32.ActiveCfg = Debug|Win32
		{546948C3-445A-4085-8F0A-9E2C61326CD6}.WNETDebug|Win32.Build.0 = Debug|Win32
		{546948C3-445A-4085-8F0A-9E2C61326CD6}.WNETRelease|Win32.ActiveCfg = Release|Win32
		{546948C3-445A-4085-8F0A-9E2C61326CD6}.WNETRelease|Win32.Build.0 = Release|Win32
		{546948C3-445A-4085-8F0A-9E2C61326CD6}.XP Checked|Win32.ActiveCfg = Release|Win32
		{546948C3-445A-4085-8F0A-9E2C61326CD6}.XP Checked|Win32.Build.0 = Release|Win32
		{546948C3-445A-4085-8F0A-9E2C61326CD6}.XP Free|Win32.ActiveCfg = Release|Win32
		{546948C3-445A-4085-8F0A-9E2C61326CD6}.XP Free|Win32.Build.0 = Release|Win32
		{54B4FCD6-6FD2-4C47-8338-7F1F3E4D10C5}.Debug|Win32.ActiveCfg = Debug|Win32
		{54B4FCD6-6FD2-4C47-8338-7F1F3E4D10C5}.Debug|Win32.Build.0 = Debug|Win32
		{54B4FCD6-6FD2-4C47-8338-7F1F3E4D10C5}.Release|Win32.ActiveCfg = Release|Win32
		{54B4FCD6-6FD2-4C47-8338-7F1F3E4D10C5}.Release|Win32.Build.0 = Release|Win32
		{54B4FCD6-6FD2-4C47-8338-7F1F3E4D10C5}.VISTA Checked|Win32.ActiveCfg = Release|Win32
		{54B4FCD6-6FD2-4C47-8338-7F1F3E4D10C5}.VISTA Checked|Win32.Build.0 = Release|Win32
		{54B4FCD6-6FD2-4C47-8338-7F1F3E4D10C5}.VISTA Free|Win32.ActiveCfg = Release|Win32
		{54B4FCD6-6FD2-4C47-8338-7F1F3E4D10C5}.VISTA Free|Win32.Build.0 = Release|Win32
		{54B4FCD6-6FD2-4C47-8338-7F1F3E4D10C5}.W2KDebug|Win32.ActiveCfg = Debug|Win32
		{54B4FCD6-6FD2-4C47-8338-7F1F3E4D10C5}.W2KDebug|Win32.Build.0 = Debug|Win32
		{54B4FCD6-6FD2-4C47-8338-7F1F3E4D10C5}.W2KRelease|Win32.ActiveCfg = Release|Win32
		{54B4FCD6-6FD2-4C47-8338-7F1F3E4D10C5}.W2KRelease|Win32.Build.0 = Release|Win32
		{54B4FCD6-6FD2-4C47-8338-7F1F3E4D10C5}.win2000 chk|Win32.ActiveCfg = Release|Win32
		{54B4FCD6-6FD2-4C47-8338-7F1F3E4D10C5}.win2000 chk|Win32.Build.0 = Release|Win32
		{54B4FCD6-6FD2-4C47-8338-7F1F3E4D10C5}.win2000 fre|Win32.ActiveCfg = Release|Win32
		{54B4FCD6-6FD2-4C47-8338-7F1F3E4D10C5}.win2000 fre|Win32.Build.0 = Release|Win32
		{54B4FCD6-6FD2-4C47-8338-7F1F3E4D10C5}.win2003 chk|Win32.ActiveCfg = Release|Win32
		{54B4FCD6-6FD2-4C47-8338-7F1F3E4D10C5}.win2003 chk|Win32.Build.0 = Release|Win32
		{54B4FCD6-6FD2-4C47-8338-7F1F3E4D10C5}.win2003 fre|Win32.ActiveCfg = Release|Win32
		{54B4FCD6-6FD2-4C47-8338-7F1F3E4D10C5}.win2003 fre|Win32.Build.0 = Release|Win32
		{54B4FCD6-6FD2-4C47-8338-7F1F3E4D10C5}.winxp chk|Win32.ActiveCfg = Release|Win32
		{54B4FCD6-6FD2-4C47-8338-7F1F3E4D10C5}.winxp chk|Win32.Build.0 = Release|Win32
		{54B4FCD6-6FD2-4C47-8338-7F1F3E4D10C5}.winxp fre|Win32.ActiveCfg = Release|Win32
		{54B4FCD6-6FD2-4C47-8338-7F1F3E4D10C5}.winxp fre|Win32.Build.0 = Release|Win32
		{54B4FCD6-6FD2-4C47-8338-7F1F3E4D10C5}.WNETDebug|Win32.ActiveCfg = Debug|Win32
		{54B4FCD6-6FD2-4C47-8338-7F1F3E4D10C5}.WNETDebug|Win32.Build.0 = Debug|Win32
		{54B4FCD6-6FD2-4C47-8338-7F1F3E4D10C5}.WNETRelease|Win32.ActiveCfg = Release|Win32
		{54B4FCD6-6FD2-4C47-8338-7F1F3E4D10C5}.WNETRelease|Win32.Build.0 = Release|Win32
		{54B4FCD6-6FD2-4C47-8338-7F1F3E4D10C5}.XP Checked|Win32.ActiveCfg = Release|Win32
		{54B4FCD6-6FD2-4C47-8338-7F1F3E4D10C5}.XP Checked|Win32.Build.0 = Release|Win32
		{54B4FCD6-6FD2-4C47-8338-7F1F3E4D10C5}.XP Free|Win32.ActiveCfg = Release|Win32
		{54B4FCD6-6FD2-4C47-8338-7F1F3E4D10C5}.XP Free|Win32.Build.0 = Release|Win32
		{F0A10C37-22C4-4F5F-B696-5165D941AF40}.Debug|Win32.ActiveCfg = Debug|Win32
		{F0A10C37-22C4-4F5F-B696-5165D941AF40}.Debug|Win32.Build.0 = Debug|Win32
		{F0A10C37-22C4-4F5F-B696-5165D941AF40}.Release|Win32.ActiveCfg = Release|Win32
		{F0A10C37-22C4-4F5F-B696-5165D941AF40}.Release|Win32.Build.0 = Release|Win32
		{F0A10C37-22C4-4F5F-B696-5165D941AF40}.VISTA Checked|Win32.ActiveCfg = Release|Win32
		{F0A10C37-22C4-4F5F-B696-5165D941AF40}.VISTA Checked|Win32.Build.0 = Release|Win32
		{F0A10C37-22C4-4F5F-B696-5165D941AF40}.VISTA Free|Win32.ActiveCfg = Release|Win32
		{F0A10C37-22C4-4F5F-B696-5165D941AF40}.VISTA Free|Win32.Build.0 = Release|Win32
		{F0A10C37-22C4-4F5F-B696-5165D941AF40}.W2KDebug|Win32.ActiveCfg = Debug|Win32
		{F0A10C37-22C4-4F5F-B696-5165D941AF40}.W2KDebug|Win32.Build.0 = Debug|Win32
		{F0A10C37-22C4-4F5F-B696-5165D941AF40}.W2KRelease|Win32.ActiveCfg = Release|Win32
		{F0A10C37-22C4-4F5F-B696-5165D941AF40}.W2KRelease|Win32.Build.0 = Release|Win32
		{F0A10C37-22C4-4F5F-B696-5165D941AF40}.win2000 chk|Win32.ActiveCfg = Release|Win32
		{F0A10C37-22C4-4F5F-B696-5165D941AF40}.win2000 chk|Win32.Build.0 = Release|Win32
		{F0A10C37-22C4-4F5F-B696-5165D941AF40}.win2000 fre|Win32.ActiveCfg = Release|Win32
		{F0A10C37-22C4-4F5F-B696-5165D941AF40}.win2000 fre|Win32.Build.0 = Release|Win32
		{F0A10C37-22C4-4F5F-B696-5165D941AF40}.win2003 chk|Win32.ActiveCfg = Release|Win32
		{F0A10C37-22C4-4F5F-B696-5165D941AF40}.win2003 chk|Win32.Build.0 = Release|Win32
		{F0A10C37-22C4-4F5F-B696-5165D941AF40}.win2003 fre|Win32.ActiveCfg = Release|Win32
		{F0A10C37-22C4-4F5F-B696-5165D941AF40}.win2003 fre|Win32.Build.0 = Release|Win32
		{F0A10C37-22C4-4F5F-B696-5165D941AF40}.winxp chk|Win32.ActiveCfg = Release|Win32
		{F0A10C37-22C4-4F5F-B696-5165D941AF40}.winxp chk|Win32.Build.0 = Release|Win32
		{F0A10C37-22C4-4F5F-B696-5165D941AF40}.winxp fre|Win32.ActiveCfg = Release|Win32
		{F0A10C37-22C4-4F5F-B696-5165D941AF40}.winxp fre|Win32.Build.0 = Release|Win32
		{F0A10C37-22C4-4F5F-B696-5165D941AF40}.WNETDebug|Win32.ActiveCfg = Debug|Win32
		{F0A10C37-22C4-4F5F-B696-5165D941AF40}.WNETDebug|Win32.Build.0 = Debug|Win32
		{F0A10C37-22C4-4F5F-B696-5165D941AF40}.WNETRelease|Win32.ActiveCfg = Release|Win32
		{F0A10C37-22C4-4F5F-B696-5165D941AF40}.WNETRelease|Win32.Build.0 = Release|Win32
		{F0A10C37-22C4-4F5F-B696-5165D941AF40}.XP Checked|Win32.ActiveCfg = Release|Win32
		{F0A10C37-22C4-4F5F-B696-5165D941AF40}.XP Checked|Win32.Build.0 = Release|Win32
		{F0A10C37-22C4-4F5F-B696-5165D941AF40}.XP Free|Win32.ActiveCfg = Release|Win32
		{F0A10C37-22C4-4F5F-B696-5165D941AF40}.XP Free|Win32.Build.0 = Release|Win32
		{6A24634C-2A00-42A2-9AAE-DAB36D15EA7B}.Debug|Win32.ActiveCfg = Debug|Win32
		{6A24634C-2A00-42A2-9AAE-DAB36D15EA7B}.Debug|Win32.Build.0 = Debug|Win32
		{6A24634C-2A00-42A2-9AAE-DAB36D15EA7B}.Release|Win32.ActiveCfg = Release|Win32
		{6A24634C-2A00-42A2-9AAE-DAB36D15EA7B}.Release|Win32.Build.0 = Release|Win32
		{6A24634C-2A00-42A2-9AAE-DAB36D15EA7B}.VISTA Checked|Win32.ActiveCfg = Release|Win32
		{6A24634C-2A00-42A2-9AAE-DAB36D15EA7B}.VISTA Checked|Win32.Build.0 = Release|Win32
		{6A24634C-2A00-42A2-9AAE-DAB36D15EA7B}.VISTA Free|Win32.ActiveCfg = Release|Win32
		{6A24634C-2A00-42A2-9AAE-DAB36D15EA7B}.VISTA Free|Win32.Build.0 = Release|Win32
		{6A24634C-2A00-42A2-9AAE-DAB36D15EA7B}.W2KDebug|Win32.ActiveCfg = Debug|Win32
		{6A24634C-2A00-42A2-9AAE-DAB36D15EA7B}.W2KDebug|Win32.Build.0 = Debug|Win32
		{6A24634C-2A00-42A2-9AAE-DAB36D15EA7B}.W2KRelease|Win32.ActiveCfg = Release|Win32
		{6A24634C-2A00-42A2-9AAE-DAB36D15EA7B}.W2KRelease|Win32.Build.0 = Release|Win32
		{6A24634C-2A00-42A2-9AAE-DAB36D15EA7B}.win2000 chk|Win32.ActiveCfg = Release|Win32
		{6A24634C-2A00-42A2-9AAE-DAB36D15EA7B}.win2000 chk|Win32.Build.0 = Release|Win32
		{6A24634C-2A00-42A2-9AAE-DAB36D15EA7B}.win2000 fre|Win32.ActiveCfg = Release|Win32
		{6A24634C-2A00-42A2-9AAE-DAB36D15EA7B}.win2000 fre|Win32.Build.0 = Release|Win32
		{6A24634C-2A00-42A2-9AAE-DAB36D15EA7B}.win2003 chk|Win32.ActiveCfg = Release|Win32
		{6A24634C-2A00-42A2-9AAE-DAB36D15EA7B}.win2003 chk|Win32.Build.0 = Release|Win32
		{6A24634C-2A00-42A2-9AAE-DAB36D15EA7B}.win2003 fre|Win32.ActiveCfg = Release|Win32
		{6A24634C-2A00-42A2-9AAE-DAB36D15EA7B}.win2003 fre|Win32.Build.0 = Release|Win32
		{6A24634C-2A00-42A2-9AAE-DAB36D15EA7B}.winxp chk|Win32.ActiveCfg = Release|Win32
		{6A24634C-2A00-42A2-9AAE-DAB36D15EA7B}.winxp chk|Win32.Build.0 = Release|Win32
		{6A24634C-2A00-42A2-9AAE-DAB36D15EA7B}.winxp fre|Win32.ActiveCfg = Release|Win32
		{6A24634C-2A00-42A2-9AAE-DAB36D15EA7B}.winxp fre|Win32.Build.0 = Release|Win32
		{6A24634C-2A00-42A2-9AAE-DAB36D15EA7B}.WNETDebug|Win32.ActiveCfg = Debug|Win32
		{6A24634C-2A00-42A2-9AAE-DAB36D15EA7B}.WNETDebug|Win32.Build.0 = Debug|Win32
		{6A24634C-2A00-42A2-9AAE-DAB36D15EA7B}.WNETRelease|Win32.ActiveCfg = Release|Win32
		{6A24634C-2A00-42A2-9AAE-DAB36D15EA7B}.WNETRelease|Win32.Build.0 = Release|Win32
		{6A24634C-2A00-42A2-9AAE-DAB36D15EA7B}.XP Checked|Win32.ActiveCfg = Release|Win32
		{6A24634C-2A00-42A2-9AAE-DAB36D15EA7B}.XP Checked|Win32.Build.0 = Release|Win32
		{6A24634C-2A00-42A2-9AAE-DAB36D15EA7B}.XP Free|Win32.ActiveCfg = Release|Win32
		{6A24634C-2A00-42A2-9AAE-DAB36D15EA7B}.XP Free|Win32.Build.0 = Release|Win32
		{A1A859B9-6FC2-4A3E-9517-7BF432D4E49E}.Debug|Win32.ActiveCfg = Debug|Win32
		{A1A859B9-6FC2-4A3E-9517-7BF432D4E49E}.Debug|Win32.Build.0 = Debug|Win32
		{A1A859B9-6FC2-4A3E-9517-7BF432D4E49E}.Release|Win32.ActiveCfg = Release|Win32
		{A1A859B9-6FC2-4A3E-9517-7BF432D4E49E}.Release|Win32.Build.0 = Release|Win32
		{A1A859B9-6FC2-4A3E-9517-7BF432D4E49E}.VISTA Checked|Win32.ActiveCfg = Release|Win32
		{A1A859B9-6FC2-4A3E-9517-7BF432D4E49E}.VISTA Checked|Win32.Build.0 = Release|Win32
		{A1A859B9-6FC2-4A3E-9517-7BF432D4E49E}.VISTA Free|Win32.ActiveCfg = Release|Win32
		{A1A859B9-6FC2-4A3E-9517-7BF432D4E49E}.VISTA Free|Win32.Build.0 = Release|Win32
		{A1A859B9-6FC2-4A3E-9517-7BF432D4E49E}.W2KDebug|Win32.ActiveCfg = Debug|Win32
		{A1A859B9-6FC2-4A3E-9517-7BF432D4E49E}.W2KDebug|Win32.Build.0 = Debug|Win32
		{A1A859B9-6FC2-4A3E-9517-7BF432D4E49E}.W2KRelease|Win32.ActiveCfg = Release|Win32
		{A1A859B9-6FC2-4A3E-9517-7BF432D4E49E}.W2KRelease|Win32.Build.0 = Release|Win32
		{A1A859B9-6FC2-4A3E-9517-7BF432D4E49E}.win2000 chk|Win32.ActiveCfg = Release|Win32
		{A1A859B9-6FC2-4A3E-9517-7BF432D4E49E}.win2000 chk|Win32.Build.0 = Release|Win32
		{A1A859B9-6FC2-4A3E-9517-7BF432D4E49E}.win2000 fre|Win32.ActiveCfg = Release|Win32
		{A1A859B9-6FC2-4A3E-9517-7BF432D4E49E}.win2000 fre|Win32.Build.0 = Release|Win32
		{A1A859B9-6FC2-4A3E-9517-7BF432D4E49E}.win2003 chk|Win32.ActiveCfg = Release|Win32
		{A1A859B9-6FC2-4A3E-9517-7BF432D4E49E}.win2003 chk|Win32.Build.0 = Release|Win32
		{A1A859B9-6FC2-4A3E-9517-7BF432D4E49E}.win2003 fre|Win32.ActiveCfg = Release|Win32
		{A1A859B9-6FC2-4A3E-9517-7BF432D4E49E}.win2003 fre|Win32.Build.0 = Release|Win32
		{A1A859B9-6FC2-4A3E-9517-7BF432D4E49E}.winxp chk|Win32.ActiveCfg = Release|Win32
		{A1A859B9-6FC2-4A3E-9517-7BF432D4E49E}.winxp chk|Win32.Build.0 = Release|Win32
		{A1A859B9-6FC2-4A3E-9517-7BF432D4E49E}.winxp fre|Win32.ActiveCfg = Release|Win32
		{A1A859B9-6FC2-4A3E-9517-7BF432D4E49E}.winxp fre|Win32.Build.0 = Release|Win32
		{A1A859B9-6FC2-4A3E-9517-7BF432D4E49E}.WNETDebug|Win32.ActiveCfg = Debug|Win32
		{A1A859B9-6FC2-4A3E-9517-7BF432D4E49E}.WNETDebug|Win32.Build.0 = Debug|Win32
		{A1A859B9-6FC2-4A3E-9517-7BF432D4E49E}.WNETRelease|Win32.ActiveCfg = Release|Win32
		{A1A859B9-6FC2-4A3E-9517-7BF432D4E49E}.WNETRelease|Win32.Build.0 = Release|Win32
		{A1A859B9-6FC2-4A3E-9517-7BF432D4E49E}.XP Checked|Win32.ActiveCfg = Release|Win32
		{A1A859B9-6FC2-4A3E-9517-7BF432D4E49E}.XP Checked|Win32.Build.0 = Release|Win32
		{A1A859B9-6FC2-4A3E-9517-7BF432D4E49E}.XP Free|Win32.ActiveCfg = Release|Win32
		{A1A859B9-6FC2-4A3E-9517-7BF432D4E49E}.XP Free|Win32.Build.0 = Release|Win32
		{13DB01DB-A9CC-4194-8197-19A0D618B48C}.Debug|Win32.ActiveCfg = Debug|Win32
		{13DB01DB-A9CC-4194-8197-19A0D618B48C}.Debug|Win32.Build.0 = Debug|Win32
		{13DB01DB-A9CC-4194-8197-19A0D618B48C}.Release|Win32.ActiveCfg = Release|Win32
		{13DB01DB-A9CC-4194-8197-19A0D618B48C}.Release|Win32.Build.0 = Release|Win32
		{13DB01DB-A9CC-4194-8197-19A0D618B48C}.VISTA Checked|Win32.ActiveCfg = Release|Win32
		{13DB01DB-A9CC-4194-8197-19A0D618B48C}.VISTA Checked|Win32.Build.0 = Release|Win32
		{13DB01DB-A9CC-4194-8197-19A0D618B48C}.VISTA Free|Win32.ActiveCfg = Release|Win32
		{13DB01DB-A9CC-4194-8197-19A0D618B48C}.VISTA Free|Win32.Build.0 = Release|Win32
		{13DB01DB-A9CC-4194-8197-19A0D618B48C}.W2KDebug|Win32.ActiveCfg = Debug|Win32
		{13DB01DB-A9CC-4194-8197-19A0D618B48C}.W2KDebug|Win32.Build.0 = Debug|Win32
		{13DB01DB-A9CC-4194-8197-19A0D618B48C}.W2KRelease|Win32.ActiveCfg = Release|Win32
		{13DB01DB-A9CC-4194-8197-19A0D618B48C}.W2KRelease|Win32.Build.0 = Release|Win32
		{13DB01DB-A9CC-4194-8197-19A0D618B48C}.win2000 chk|Win32.ActiveCfg = Release|Win32
		{13DB01DB-A9CC-4194-8197-19A0D618B48C}.win2000 chk|Win32.Build.0 = Release|Win32
		{13DB01DB-A9CC-4194-8197-19A0D618B48C}.win2000 fre|Win32.ActiveCfg = Release|Win32
		{13DB01DB-A9CC-4194-8197-19A0D618B48C}.win2000 fre|Win32.Build.0 = Release|Win32
		{13DB01DB-A9CC-4194-8197-19A0D618B48C}.win2003 chk|Win32.ActiveCfg = Release|Win32
		{13DB01DB-A9CC-4194-8197-19A0D618B48C}.win2003 chk|Win32.Build.0 = Release|Win32
		{13DB01DB-A9CC-4194-8197-19A0D618B48C}.win2003 fre|Win32.ActiveCfg = Release|Win32
		{13DB01DB-A9CC-4194-8197-19A0D618B48C}.win2003 fre|Win32.Build.0 = Release|Win32
		{13DB01DB-A9CC-4194-8197-19A0D618B48C}.winxp chk|Win32.ActiveCfg = Release|Win32
		{13DB01DB-A9CC-4194-8197-19A0D618B48C}.winxp chk|Win32.Build.0 = Release|Win32
		{13DB01DB-A9CC-4194-8197-19A0D618B48C}.winxp fre|Win32.ActiveCfg = Release|Win32
		{13DB01DB-A9CC-4194-8197-19A0D618B48C}.winxp fre|Win32.Build.0 = Release|Win32
		{13DB01DB-A9CC-4194-8197-19A0D618B48C}.WNETDebug|Win32.ActiveCfg = Debug|Win32
		{13DB01DB-A9CC-4194-8197-19A0D618B48C}.WNETDebug|Win32.Build.0 = Debug|Win32
		{13DB01DB-A9CC-4194-8197-19A0D618B48C}.WNETRelease|Win32.ActiveCfg = Release|Win32
		{13DB01DB-A9CC-4194-8197-19A0D618B48C}.WNETRelease|Win32.Build.0 = Release|Win32
		{13DB01DB-A9CC-4194-8197-19A0D618B48C}.XP Checked|Win32.ActiveCfg = Release|Win32
		{13DB01DB-A9CC-4194-8197-19A0D618B48C}.XP Checked|Win32.Build.0 = Release|Win32
		{13DB01DB-A9CC-4194-8197-19A0D618B48C}.XP Free|Win32.ActiveCfg = Release|Win32
		{13DB01DB-A9CC-4194-8197-19A0D618B48C}.XP Free|Win32.Build.0 = Release|Win32
		{CBEA352C-64AF-44BB-BDE0-793DF97DE029}.Debug|Win32.ActiveCfg = Debug|Win32
		{CBEA352C-64AF-44BB-BDE0-793DF97DE029}.Debug|Win32.Build.0 = Debug|Win32
		{CBEA352C-64AF-44BB-BDE0-793DF97DE029}.Release|Win32.ActiveCfg = Release|Win32
		{CBEA352C-64AF-44BB-BDE0-793DF97DE029}.Release|Win32.Build.0 = Release|Win32
		{CBEA352C-64AF-44BB-BDE0-793DF97DE029}.VISTA Checked|Win32.ActiveCfg = Release|Win32
		{CBEA352C-64AF-44BB-BDE0-793DF97DE029}.VISTA Checked|Win32.Build.0 = Release|Win32
		{CBEA352C-64AF-44BB-BDE0-793DF97DE029}.VISTA Free|Win32.ActiveCfg = Release|Win32
		{CBEA352C-64AF-44BB-BDE0-793DF97DE029}.VISTA Free|Win32.Build.0 = Release|Win32
		{CBEA352C-64AF-44BB-BDE0-793DF97DE029}.W2KDebug|Win32.ActiveCfg = Debug|Win32
		{CBEA352C-64AF-44BB-BDE0-793DF97DE029}.W2KDebug|Win32.Build.0 = Debug|Win32
		{CBEA352C-64AF-44BB-BDE0-793DF97DE029}.W2KRelease|Win32.ActiveCfg = Release|Win32
		{CBEA352C-64AF-44BB-BDE0-793DF97DE029}.W2KRelease|Win32.Build.0 = Release|Win32
		{CBEA352C-64AF-44BB-BDE0-793DF97DE029}.win2000 chk|Win32.ActiveCfg = Release|Win32
		{CBEA352C-64AF-44BB-BDE0-793DF97DE029}.win2000 chk|Win32.Build.0 = Release|Win32
		{CBEA352C-64AF-44BB-BDE0-793DF97DE029}.win2000 fre|Win32.ActiveCfg = Release|Win32
		{CBEA352C-64AF-44BB-BDE0-793DF97DE029}.win2000 fre|Win32.Build.0 = Release|Win32
		{CBEA352C-64AF-44BB-BDE0-793DF97DE029}.win2003 chk|Win32.ActiveCfg = Release|Win32
		{CBEA352C-64AF-44BB-BDE0-793DF97DE029}.win2003 chk|Win32.Build.0 = Release|Win32
		{CBEA352C-64AF-44BB-BDE0-793DF97DE029}.win2003 fre|Win32.ActiveCfg = Release|Win32
		{CBEA352C-64AF-44BB-BDE0-793DF97DE029}.win2003 fre|Win32.Build.0 = Release|Win32
		{CBEA352C-64AF-44BB-BDE0-793DF97DE029}.winxp chk|Win32.ActiveCfg = Release|Win32
		{CBEA352C-64AF-44BB-BDE0-793DF97DE029}.winxp chk|Win32.Build.0 = Release|Win32
		{CBEA352C-64AF-44BB-BDE0-793DF97DE029}.winxp fre|Win32.ActiveCfg = Release|Win32
		{CBEA352C-64AF-44BB-BDE0-793DF97DE029}.winxp fre|Win32.Build.0 = Release|Win32
		{CBEA352C-64AF-44BB-BDE0-793DF97DE029}.WNETDebug|Win32.ActiveCfg = Debug|Win32
		{CBEA352C-64AF-44BB-BDE0-793DF97DE029}.WNETDebug|Win32.Build.0 = Debug|Win32
		{CBEA352C-64AF-44BB-BDE0-793DF97DE029}.WNETRelease|Win32.ActiveCfg = Release|Win32
		{CBEA352C-64AF-44BB-BDE0-793DF97DE029}.WNETRelease|Win32.Build.0 = Release|Win32
		{CBEA352C-64AF-44BB-BDE0-793DF97DE029}.XP Checked|Win32.ActiveCfg = Release|Win32
		{CBEA352C-64AF-44BB-BDE0-793DF97DE029}.XP Checked|Win32.Build.0 = Release|Win32
		{CBEA352C-64AF-44BB-BDE0-793DF97DE029}.XP Free|Win32.ActiveCfg = Release|Win32
		{CBEA352C-64AF-44BB-BDE0-793DF97DE029}.XP Free|Win32.Build.0 = Release|Win32
		{5240197D-5575-40D3-92DA-77A7403CA689}.Debug|Win32.ActiveCfg = Debug|Win32
		{5240197D-5575-40D3-92DA-77A7403CA689}.Release|Win32.ActiveCfg = Release|Win32
		{5240197D-5575-40D3-92DA-77A7403CA689}.VISTA Checked|Win32.ActiveCfg = Release|Win32
		{5240197D-5575-40D3-92DA-77A7403CA689}.VISTA Free|Win32.ActiveCfg = Release|Win32
		{5240197D-5575-40D3-92DA-77A7403CA689}.W2KDebug|Win32.ActiveCfg = Debug|Win32
		{5240197D-5575-40D3-92DA-77A7403CA689}.W2KRelease|Win32.ActiveCfg = Release|Win32
		{5240197D-5575-40D3-92DA-77A7403CA689}.win2000 chk|Win32.ActiveCfg = Release|Win32
		{5240197D-5575-40D3-92DA-77A7403CA689}.win2000 fre|Win32.ActiveCfg = Release|Win32
		{5240197D-5575-40D3-92DA-77A7403CA689}.win2003 chk|Win32.ActiveCfg = Release|Win32
		{5240197D-5575-40D3-92DA-77A7403CA689}.win2003 fre|Win32.ActiveCfg = Release|Win32
		{5240197D-5575-40D3-92DA-77A7403CA689}.winxp chk|Win32.ActiveCfg = Release|Win32
		{5240197D-5575-40D3-92DA-77A7403CA689}.winxp fre|Win32.ActiveCfg = Release|Win32
		{5240197D-5575-40D3-92DA-77A7403CA689}.WNETDebug|Win32.ActiveCfg = Debug|Win32
		{5240197D-5575-40D3-92DA-77A7403CA689}.WNETRelease|Win32.ActiveCfg = Release|Win32
		{5240197D-5575-40D3-92DA-77A7403CA689}.XP Checked|Win32.ActiveCfg = Release|Win32
		{5240197D-5575-40D3-92DA-77A7403CA689}.XP Free|Win32.ActiveCfg = Release|Win32
		{24F0CEB3-B124-45A7-B449-31497733AF6F}.Debug|Win32.ActiveCfg = Debug|Win32
		{24F0CEB3-B124-45A7-B449-31497733AF6F}.Debug|Win32.Build.0 = Debug|Win32
		{24F0CEB3-B124-45A7-B449-31497733AF6F}.Release|Win32.ActiveCfg = Release|Win32
		{24F0CEB3-B124-45A7-B449-31497733AF6F}.Release|Win32.Build.0 = Release|Win32
		{24F0CEB3-B124-45A7-B449-31497733AF6F}.VISTA Checked|Win32.ActiveCfg = Release|Win32
		{24F0CEB3-B124-45A7-B449-31497733AF6F}.VISTA Checked|Win32.Build.0 = Release|Win32
		{24F0CEB3-B124-45A7-B449-31497733AF6F}.VISTA Free|Win32.ActiveCfg = Release|Win32
		{24F0CEB3-B124-45A7-B449-31497733AF6F}.VISTA Free|Win32.Build.0 = Release|Win32
		{24F0CEB3-B124-45A7-B449-31497733AF6F}.W2KDebug|Win32.ActiveCfg = Debug|Win32
		{24F0CEB3-B124-45A7-B449-31497733AF6F}.W2KDebug|Win32.Build.0 = Debug|Win32
		{24F0CEB3-B124-45A7-B449-31497733AF6F}.W2KRelease|Win32.ActiveCfg = Release|Win32
		{24F0CEB3-B124-45A7-B449-31497733AF6F}.W2KRelease|Win32.Build.0 = Release|Win32
		{24F0CEB3-B124-45A7-B449-31497733AF6F}.win2000 chk|Win32.ActiveCfg = Release|Win32
		{24F0CEB3-B124-45A7-B449-31497733AF6F}.win2000 chk|Win32.Build.0 = Release|Win32
		{24F0CEB3-B124-45A7-B449-31497733AF6F}.win2000 fre|Win32.ActiveCfg = Release|Win32
		{24F0CEB3-B124-45A7-B449-31497733AF6F}.win2000 fre|Win32.Build.0 = Release|Win32
		{24F0CEB3-B124-45A7-B449-31497733AF6F}.win2003 chk|Win32.ActiveCfg = Release|Win32
		{24F0CEB3-B124-45A7-B449-31497733AF6F}.win2003 chk|Win32.Build.0 = Release|Win32
		{24F0CEB3-B124-45A7-B449-31497733AF6F}.win2003 fre|Win32.ActiveCfg = Release|Win32
		{24F0CEB3-B124-45A7-B449-31497733AF6F}.win2003 fre|Win32.Build.0 = Release|Win32
		{24F0CEB3-B124-45A7-B449-31497733AF6F}.winxp chk|Win32.ActiveCfg = Release|Win32
		{24F0CEB3-B124-45A7-B449-31497733AF6F}.winxp chk|Win32.Build.0 = Release|Win32
		{24F0CEB3-B124-45A7-B449-31497733AF6F}.winxp fre|Win32.ActiveCfg = Release|Win32
		{24F0CEB3-B124-45A7-B449-31497733AF6F}.winxp fre|Win32.Build.0 = Release|Win32
		{24F0CEB3-B124-45A7-B449-31497733AF6F}.WNETDebug|Win32.ActiveCfg = Debug|Win32
		{24F0CEB3-B124-45A7-B449-31497733AF6F}.WNETDebug|Win32.Build.0 = Debug|Win32
		{24F0CEB3-B124-45A7-B449-31497733AF6F}.WNETRelease|Win32.ActiveCfg = Release|Win32
		{24F0CEB3-B124-45A7-B449-31497733AF6F}.WNETRelease|Win32.Build.0 = Release|Win32
		{24F0CEB3-B124-45A7-B449-31497733AF6F}.XP Checked|Win32.ActiveCfg = Release|Win32
		{24F0CEB3-B124-45A7-B449-31497733AF6F}.XP Checked|Win32.Build.0 = Release|Win32
		{24F0CEB3-B124-45A7-B449-31497733AF6F}.XP Free|Win32.ActiveCfg = Release|Win32
		{24F0CEB3-B124-45A7-B449-31497733AF6F}.XP Free|Win32.Build.0 = Release|Win32
		{3803F1BA-68AF-4463-B953-E1C2D5A72D28}.Debug|Win32.ActiveCfg = Debug|Win32
		{3803F1BA-68AF-4463-B953-E1C2D5A72D28}.Debug|Win32.Build.0 = Debug|Win32
		{3803F1BA-68AF-4463-B953-E1C2D5A72D28}.Release|Win32.ActiveCfg = Release|Win32
		{3803F1BA-68AF-4463-B953-E1C2D5A72D28}.Release|Win32.Build.0 = Release|Win32
		{3803F1BA-68AF-4463-B953-E1C2D5A72D28}.VISTA Checked|Win32.ActiveCfg = Release|Win32
		{3803F1BA-68AF-4463-B953-E1C2D5A72D28}.VISTA Checked|Win32.Build.0 = Release|Win32
		{3803F1BA-68AF-4463-B953-E1C2D5A72D28}.VISTA Free|Win32.ActiveCfg = Release|Win32
		{3803F1BA-68AF-4463-B953-E1C2D5A72D28}.VISTA Free|Win32.Build.0 = Release|Win32
		{3803F1BA-68AF-4463-B953-E1C2D5A72D28}.W2KDebug|Win32.ActiveCfg = Debug|Win32
		{3803F1BA-68AF-4463-B953-E1C2D5A72D28}.W2KDebug|Win32.Build.0 = Debug|Win32
		{3803F1BA-68AF-4463-B953-E1C2D5A72D28}.W2KRelease|Win32.ActiveCfg = Release|Win32
		{3803F1BA-68AF-4463-B953-E1C2D5A72D28}.W2KRelease|Win32.Build.0 = Release|Win32
		{3803F1BA-68AF-4463-B953-E1C2D5A72D28}.win2000 chk|Win32.ActiveCfg = Release|Win32
		{3803F1BA-68AF-4463-B953-E1C2D5A72D28}.win2000 chk|Win32.Build.0 = Release|Win32
		{3803F1BA-68AF-4463-B953-E1C2D5A72D28}.win2000 fre|Win32.ActiveCfg = Release|Win32
		{3803F1BA-68AF-4463-B953-E1C2D5A72D28}.win2000 fre|Win32.Build.0 = Release|Win32
		{3803F1BA-68AF-4463-B953-E1C2D5A72D28}.win2003 chk|Win32.ActiveCfg = Release|Win32
		{3803F1BA-68AF-4463-B953-E1C2D5A72D28}.win2003 chk|Win32.Build.0 = Release|Win32
		{3803F1BA-68AF-4463-B953-E1C2D5A72D28}.win2003 fre|Win32.ActiveCfg = Release|Win32
		{3803F1BA-68AF-4463-B953-E1C2D5A72D28}.win2003 fre|Win32.Build.0 = Release|Win32
		{3803F1BA-68AF-4463-B953-E1C2D5A72D28}.winxp chk|Win32.ActiveCfg = Release|Win32
		{3803F1BA-68AF-4463-B953-E1C2D5A72D28}.winxp chk|Win32.Build.0 = Release|Win32
		{3803F1BA-68AF-4463-B953-E1C2D5A72D28}.winxp fre|Win32.ActiveCfg = Release|Win32
		{3803F1BA-68AF-4463-B953-E1C2D5A72D28}.winxp fre|Win32.Build.0 = Release|Win32
		{3803F1BA-68AF-4463-B953-E1C2D5A72D28}.WNETDebug|Win32.ActiveCfg = Debug|Win32
		{3803F1BA-68AF-4463-B953-E1C2D5A72D28}.WNETDebug|Win32.Build.0 = Debug|Win32
		{3803F1BA-68AF-4463-B953-E1C2D5A72D28}.WNETRelease|Win32.ActiveCfg = Release|Win32
		{3803F1BA-68AF-4463-B953-E1C2D5A72D28}.WNETRelease|Win32.Build.0 = Release|Win32
		{3803F1BA-68AF-4463-B953-E1C2D5A72D28}.XP Checked|Win32.ActiveCfg = Release|Win32
		{3803F1BA-68AF-4463-B953-E1C2D5A72D28}.XP Checked|Win32.Build.0 = Release|Win32
		{3803F1BA-68AF-4463-B953-E1C2D5A72D28}.XP Free|Win32.ActiveCfg = Release|Win32
		{3803F1BA-68AF-4463-B953-E1C2D5A72D28}.XP Free|Win32.Build.0 = Release|Win32
		{E5E764A3-E273-4A11-8EA1-3CC6CF743822}.Debug|Win32.ActiveCfg = Debug|Win32
		{E5E764A3-E273-4A11-8EA1-3CC6CF743822}.Debug|Win32.Build.0 = Debug|Win32
		{E5E764A3-E273-4A11-8EA1-3CC6CF743822}.Release|Win32.ActiveCfg = Release|Win32
		{E5E764A3-E273-4A11-8EA1-3CC6CF743822}.Release|Win32.Build.0 = Release|Win32
		{E5E764A3-E273-4A11-8EA1-3CC6CF743822}.VISTA Checked|Win32.ActiveCfg = Release|Win32
		{E5E764A3-E273-4A11-8EA1-3CC6CF743822}.VISTA Checked|Win32.Build.0 = Release|Win32
		{E5E764A3-E273-4A11-8EA1-3CC6CF743822}.VISTA Free|Win32.ActiveCfg = Release|Win32
		{E5E764A3-E273-4A11-8EA1-3CC6CF743822}.VISTA Free|Win32.Build.0 = Release|Win32
		{E5E764A3-E273-4A11-8EA1-3CC6CF743822}.W2KDebug|Win32.ActiveCfg = Debug|Win32
		{E5E764A3-E273-4A11-8EA1-3CC6CF743822}.W2KDebug|Win32.Build.0 = Debug|Win32
		{E5E764A3-E273-4A11-8EA1-3CC6CF743822}.W2KRelease|Win32.ActiveCfg = Release|Win32
		{E5E764A3-E273-4A11-8EA1-3CC6CF743822}.W2KRelease|Win32.Build.0 = Release|Win32
		{E5E764A3-E273-4A11-8EA1-3CC6CF743822}.win2000 chk|Win32.ActiveCfg = Release|Win32
		{E5E764A3-E273-4A11-8EA1-3CC6CF743822}.win2000 chk|Win32.Build.0 = Release|Win32
		{E5E764A3-E273-4A11-8EA1-3CC6CF743822}.win2000 fre|Win32.ActiveCfg = Release|Win32
		{E5E764A3-E273-4A11-8EA1-3CC6CF743822}.win2000 fre|Win32.Build.0 = Release|Win32
		{E5E764A3-E273-4A11-8EA1-3CC6CF743822}.win2003 chk|Win32.ActiveCfg = Release|Win32
		{E5E764A3-E273-4A11-8EA1-3CC6CF743822}.win2003 chk|Win32.Build.0 = Release|Win32
		{E5E764A3-E273-4A11-8EA1-3CC6CF743822}.win2003 fre|Win32.ActiveCfg = Release|Win32
		{E5E764A3-E273-4A11-8EA1-3CC6CF743822}.win2003 fre|Win32.Build.0 = Release|Win32
		{E5E764A3-E273-4A11-8EA1-3CC6CF743822}.winxp chk|Win32.ActiveCfg = Release|Win32
		{E5E764A3-E273-4A11-8EA1-3CC6CF743822}.winxp chk|Win32.Build.0 = Release|Win32
		{E5E764A3-E273-4A11-8EA1-3CC6CF743822}.winxp fre|Win32.ActiveCfg = Release|Win32
		{E5E764A3-E273-4A11-8EA1-3CC6CF743822}.winxp fre|Win32.Build.0 = Release|Win32
		{E5E764A3-E273-4A11-8EA1-3CC6CF743822}.WNETDebug|Win32.ActiveCfg = Debug|Win32
		{E5E764A3-E273-4A11-8EA1-3CC6CF743822}.WNETDebug|Win32.Build.0 = Debug|Win32
		{E5E764A3-E273-4A11-8EA1-3CC6CF743822}.WNETRelease|Win32.ActiveCfg = Release|Win32
		{E5E764A3-E273-4A11-8EA1-3CC6CF743822}.WNETRelease|Win32.Build.0 = Release|Win32
		{E5E764A3-E273-4A11-8EA1-3CC6CF743822}.XP Checked|Win32.ActiveCfg = Release|Win32
		{E5E764A3-E273-4A11-8EA1-3CC6CF743822}.XP Checked|Win32.Build.0 = Release|Win32
		{E5E764A3-E273-4A11-8EA1-3CC6CF743822}.XP Free|Win32.ActiveCfg = Release|Win32
		{E5E764A3-E273-4A11-8EA1-3CC6CF743822}.XP Free|Win32.Build.0 = Release|Win32
		{C59945F0-C4CB-48CB-86C4-5854340D569E}.Debug|Win32.ActiveCfg = Debug|Win32
		{C59945F0-C4CB-48CB-86C4-5854340D569E}.Debug|Win32.Build.0 = Debug|Win32
		{C59945F0-C4CB-48CB-86C4-5854340D569E}.Release|Win32.ActiveCfg = Release|Win32
		{C59945F0-C4CB-48CB-86C4-5854340D569E}.Release|Win32.Build.0 = Release|Win32
		{C59945F0-C4CB-48CB-86C4-5854340D569E}.VISTA Checked|Win32.ActiveCfg = Release|Win32
		{C59945F0-C4CB-48CB-86C4-5854340D569E}.VISTA Checked|Win32.Build.0 = Release|Win32
		{C59945F0-C4CB-48CB-86C4-5854340D569E}.VISTA Free|Win32.ActiveCfg = Release|Win32
		{C59945F0-C4CB-48CB-86C4-5854340D569E}.VISTA Free|Win32.Build.0 = Release|Win32
		{C59945F0-C4CB-48CB-86C4-5854340D569E}.W2KDebug|Win32.ActiveCfg = Debug|Win32
		{C59945F0-C4CB-48CB-86C4-5854340D569E}.W2KDebug|Win32.Build.0 = Debug|Win32
		{C59945F0-C4CB-48CB-86C4-5854340D569E}.W2KRelease|Win32.ActiveCfg = Release|Win32
		{C59945F0-C4CB-48CB-86C4-5854340D569E}.W2KRelease|Win32.Build.0 = Release|Win32
		{C59945F0-C4CB-48CB-86C4-5854340D569E}.win2000 chk|Win32.ActiveCfg = Release|Win32
		{C59945F0-C4CB-48CB-86C4-5854340D569E}.win2000 chk|Win32.Build.0 = Release|Win32
		{C59945F0-C4CB-48CB-86C4-5854340D569E}.win2000 fre|Win32.ActiveCfg = Release|Win32
		{C59945F0-C4CB-48CB-86C4-5854340D569E}.win2000 fre|Win32.Build.0 = Release|Win32
		{C59945F0-C4CB-48CB-86C4-5854340D569E}.win2003 chk|Win32.ActiveCfg = Release|Win32
		{C59945F0-C4CB-48CB-86C4-5854340D569E}.win2003 chk|Win32.Build.0 = Release|Win32
		{C59945F0-C4CB-48CB-86C4-5854340D569E}.win2003 fre|Win32.ActiveCfg = Release|Win32
		{C59945F0-C4CB-48CB-86C4-5854340D569E}.win2003 fre|Win32.Build.0 = Release|Win32
		{C59945F0-C4CB-48CB-86C4-5854340D569E}.winxp chk|Win32.ActiveCfg = Release|Win32
		{C59945F0-C4CB-48CB-86C4-5854340D569E}.winxp chk|Win32.Build.0 = Release|Win32
		{C59945F0-C4CB-48CB-86C4-5854340D569E}.winxp fre|Win32.ActiveCfg = Release|Win32
		{C59945F0-C4CB-48CB-86C4-5854340D569E}.winxp fre|Win32.Build.0 = Release|Win32
		{C59945F0-C4CB-48CB-86C4-5854340D569E}.WNETDebug|Win32.ActiveCfg = Debug|Win32
		{C59945F0-C4CB-48CB-86C4-5854340D569E}.WNETDebug|Win32.Build.0 = Debug|Win32
		{C59945F0-C4CB-48CB-86C4-5854340D569E}.WNETRelease|Win32.ActiveCfg = Release|Win32
		{C59945F0-C4CB-48CB-86C4-5854340D569E}.WNETRelease|Win32.Build.0 = Release|Win32
		{C59945F0-C4CB-48CB-86C4-5854340D569E}.XP Checked|Win32.ActiveCfg = Release|Win32
		{C59945F0-C4CB-48CB-86C4-5854340D569E}.XP Checked|Win32.Build.0 = Release|Win32
		{C59945F0-C4CB-48CB-86C4-5854340D569E}.XP Free|Win32.ActiveCfg = Release|Win32
		{C59945F0-C4CB-48CB-86C4-5854340D569E}.XP Free|Win32.Build.0 = Release|Win32
		{A5520185-2CF7-4355-943C-13DCD0A57E34}.Debug|Win32.ActiveCfg = Debug|Win32
		{A5520185-2CF7-4355-943C-13DCD0A57E34}.Debug|Win32.Build.0 = Debug|Win32
		{A5520185-2CF7-4355-943C-13DCD0A57E34}.Release|Win32.ActiveCfg = Release|Win32
		{A5520185-2CF7-4355-943C-13DCD0A57E34}.Release|Win32.Build.0 = Release|Win32
		{A5520185-2CF7-4355-943C-13DCD0A57E34}.VISTA Checked|Win32.ActiveCfg = Release|Win32
		{A5520185-2CF7-4355-943C-13DCD0A57E34}.VISTA Checked|Win32.Build.0 = Release|Win32
		{A5520185-2CF7-4355-943C-13DCD0A57E34}.VISTA Free|Win32.ActiveCfg = Release|Win32
		{A5520185-2CF7-4355-943C-13DCD0A57E34}.VISTA Free|Win32.Build.0 = Release|Win32
		{A5520185-2CF7-4355-943C-13DCD0A57E34}.W2KDebug|Win32.ActiveCfg = Debug|Win32
		{A5520185-2CF7-4355-943C-13DCD0A57E34}.W2KDebug|Win32.Build.0 = Debug|Win32
		{A5520185-2CF7-4355-943C-13DCD0A57E34}.W2KRelease|Win32.ActiveCfg = Release|Win32
		{A5520185-2CF7-4355-943C-13DCD0A57E34}.W2KRelease|Win32.Build.0 = Release|Win32
		{A5520185-2CF7-4355-943C-13DCD0A57E34}.win2000 chk|Win32.ActiveCfg = Release|Win32
		{A5520185-2CF7-4355-943C-13DCD0A57E34}.win2000 chk|Win32.Build.0 = Release|Win32
		{A5520185-2CF7-4355-943C-13DCD0A57E34}.win2000 fre|Win32.ActiveCfg = Release|Win32
		{A5520185-2CF7-4355-943C-13DCD0A57E34}.win2000 fre|Win32.Build.0 = Release|Win32
		{A5520185-2CF7-4355-943C-13DCD0A57E34}.win2003 chk|Win32.ActiveCfg = Release|Win32
		{A5520185-2CF7-4355-943C-13DCD0A57E34}.win2003 chk|Win32.Build.0 = Release|Win32
		{A5520185-2CF7-4355-943C-13DCD0A57E34}.win2003 fre|Win32.ActiveCfg = Release|Win32
		{A5520185-2CF7-4355-943C-13DCD0A57E34}.win2003 fre|Win32.Build.0 = Release|Win32
		{A5520185-2CF7-4355-943C-13DCD0A57E34}.winxp chk|Win32.ActiveCfg = Release|Win32
		{A5520185-2CF7-4355-943C-13DCD0A57E34}.winxp chk|Win32.Build.0 = Release|Win32
		{A5520185-2CF7-4355-943C-13DCD0A57E34}.winxp fre|Win32.ActiveCfg = Release|Win32
		{A5520185-2CF7-4355-943C-13DCD0A57E34}.winxp fre|Win32.Build.0 = Release|Win32
		{A5520185-2CF7-4355-943C-13DCD0A57E34}.WNETDebug|Win32.ActiveCfg = Debug|Win32
		{A5520185-2CF7-4355-943C-13DCD0A57E34}.WNETDebug|Win32.Build.0 = Debug|Win32
		{A5520185-2CF7-4355-943C-13DCD0A57E34}.WNETRelease|Win32.ActiveCfg = Release|Win32
		{A5520185-2CF7-4355-943C-13DCD0A57E34}.WNETRelease|Win32.Build.0 = Release|Win32
		{A5520185-2CF7-4355-943C-13DCD0A57E34}.XP Checked|Win32.ActiveCfg = Release|Win32
		{A5520185-2CF7-4355-943C-13DCD0A57E34}.XP Checked|Win32.Build.0 = Release|Win32
		{A5520185-2CF7-4355-943C-13DCD0A57E34}.XP Free|Win32.ActiveCfg = Release|Win32
		{A5520185-2CF7-4355-943C-13DCD0A57E34}.XP Free|Win32.Build.0 = Release|Win32
		{3D8BE866-4D32-4DA4-937C-2D5825F0233C}.Debug|Win32.ActiveCfg = Debug|Win32
		{3D8BE866-4D32-4DA4-937C-2D5825F0233C}.Debug|Win32.Build.0 = Debug|Win32
		{3D8BE866-4D32-4DA4-937C-2D5825F0233C}.Release|Win32.ActiveCfg = Release|Win32
		{3D8BE866-4D32-4DA4-937C-2D5825F0233C}.Release|Win32.Build.0 = Release|Win32
		{3D8BE866-4D32-4DA4-937C-2D5825F0233C}.VISTA Checked|Win32.ActiveCfg = Release|Win32
		{3D8BE866-4D32-4DA4-937C-2D5825F0233C}.VISTA Checked|Win32.Build.0 = Release|Win32
		{3D8BE866-4D32-4DA4-937C-2D5825F0233C}.VISTA Free|Win32.ActiveCfg = Release|Win32
		{3D8BE866-4D32-4DA4-937C-2D5825F0233C}.VISTA Free|Win32.Build.0 = Release|Win32
		{3D8BE866-4D32-4DA4-937C-2D5825F0233C}.W2KDebug|Win32.ActiveCfg = Debug|Win32
		{3D8BE866-4D32-4DA4-937C-2D5825F0233C}.W2KDebug|Win32.Build.0 = Debug|Win32
		{3D8BE866-4D32-4DA4-937C-2D5825F0233C}.W2KRelease|Win32.ActiveCfg = Release|Win32
		{3D8BE866-4D32-4DA4-937C-2D5825F0233C}.W2KRelease|Win32.Build.0 = Release|Win32
		{3D8BE866-4D32-4DA4-937C-2D5825F0233C}.win2000 chk|Win32.ActiveCfg = Release|Win32
		{3D8BE866-4D32-4DA4-937C-2D5825F0233C}.win2000 chk|Win32.Build.0 = Release|Win32
		{3D8BE866-4D32-4DA4-937C-2D5825F0233C}.win2000 fre|Win32.ActiveCfg = Release|Win32
		{3D8BE866-4D32-4DA4-937C-2D5825F0233C}.win2000 fre|Win32.Build.0 = Release|Win32
		{3D8BE866-4D32-4DA4-937C-2D5825F0233C}.win2003 chk|Win32.ActiveCfg = Release|Win32
		{3D8BE866-4D32-4DA4-937C-2D5825F0233C}.win2003 chk|Win32.Build.0 = Release|Win32
		{3D8BE866-4D32-4DA4-937C-2D5825F0233C}.win2003 fre|Win32.ActiveCfg = Release|Win32
		{3D8BE866-4D32-4DA4-937C-2D5825F0233C}.win2003 fre|Win32.Build.0 = Release|Win32
		{3D8BE866-4D32-4DA4-937C-2D5825F0233C}.winxp chk|Win32.ActiveCfg = Release|Win32
		{3D8BE866-4D32-4DA4-937C-2D5825F0233C}.winxp chk|Win32.Build.0 = Release|Win32
		{3D8BE866-4D32-4DA4-937C-2D5825F0233C}.winxp fre|Win32.ActiveCfg = Release|Win32
		{3D8BE866-4D32-4DA4-937C-2D5825F0233C}.winxp fre|Win32.Build.0 = Release|Win32
		{3D8BE866-4D32-4DA4-937C-2D5825F0233C}.WNETDebug|Win32.ActiveCfg = Debug|Win32
		{3D8BE866-4D32-4DA4-937C-2D5825F0233C}.WNETDebug|Win32.Build.0 = Debug|Win32
		{3D8BE866-4D32-4DA4-937C-2D5825F0233C}.WNETRelease|Win32.ActiveCfg = Release|Win32
		{3D8BE866-4D32-4DA4-937C-2D5825F0233C}.WNETRelease|Win32.Build.0 = Release|Win32
		{3D8BE866-4D32-4DA4-937C-2D5825F0233C}.XP Checked|Win32.ActiveCfg = Release|Win32
		{3D8BE866-4D32-4DA4-937C-2D5825F0233C}.XP Checked|Win32.Build.0 = Release|Win32
		{3D8BE866-4D32-4DA4-937C-2D5825F0233C}.XP Free|Win32.ActiveCfg = Release|Win32
		{3D8BE866-4D32-4DA4-937C-2D5825F0233C}.XP Free|Win32.Build.0 = Release|Win32
		{E40D9A05-AD77-409F-A098-2BECE4B012C0}.Debug|Win32.ActiveCfg = Debug|Win32
		{E40D9A05-AD77-409F-A098-2BECE4B012C0}.Debug|Win32.Build.0 = Debug|Win32
		{E40D9A05-AD77-409F-A098-2BECE4B012C0}.Release|Win32.ActiveCfg = Release|Win32
		{E40D9A05-AD77-409F-A098-2BECE4B012C0}.Release|Win32.Build.0 = Release|Win32
		{E40D9A05-AD77-409F-A098-2BECE4B012C0}.VISTA Checked|Win32.ActiveCfg = Release|Win32
		{E40D9A05-AD77-409F-A098-2BECE4B012C0}.VISTA Checked|Win32.Build.0 = Release|Win32
		{E40D9A05-AD77-409F-A098-2BECE4B012C0}.VISTA Free|Win32.ActiveCfg = Release|Win32
		{E40D9A05-AD77-409F-A098-2BECE4B012C0}.VISTA Free|Win32.Build.0 = Release|Win32
		{E40D9A05-AD77-409F-A098-2BECE4B012C0}.W2KDebug|Win32.ActiveCfg = Debug|Win32
		{E40D9A05-AD77-409F-A098-2BECE4B012C0}.W2KDebug|Win32.Build.0 = Debug|Win32
		{E40D9A05-AD77-409F-A098-2BECE4B012C0}.W2KRelease|Win32.ActiveCfg = Release|Win32
		{E40D9A05-AD77-409F-A098-2BECE4B012C0}.W2KRelease|Win32.Build.0 = Release|Win32
		{E40D9A05-AD77-409F-A098-2BECE4B012C0}.win2000 chk|Win32.ActiveCfg = Release|Win32
		{E40D9A05-AD77-409F-A098-2BECE4B012C0}.win2000 chk|Win32.Build.0 = Release|Win32
		{E40D9A05-AD77-409F-A098-2BECE4B012C0}.win2000 fre|Win32.ActiveCfg = Release|Win32
		{E40D9A05-AD77-409F-A098-2BECE4B012C0}.win2000 fre|Win32.Build.0 = Release|Win32
		{E40D9A05-AD77-409F-A098-2BECE4B012C0}.win2003 chk|Win32.ActiveCfg = Release|Win32
		{E40D9A05-AD77-409F-A098-2BECE4B012C0}.win2003 chk|Win32.Build.0 = Release|Win32
		{E40D9A05-AD77-409F-A098-2BECE4B012C0}.win2003 fre|Win32.ActiveCfg = Release|Win32
		{E40D9A05-AD77-409F-A098-2BECE4B012C0}.win2003 fre|Win32.Build.0 = Release|Win32
		{E40D9A05-AD77-409F-A098-2BECE4B012C0}.winxp chk|Win32.ActiveCfg = Release|Win32
		{E40D9A05-AD77-409F-A098-2BECE4B012C0}.winxp chk|Win32.Build.0 = Release|Win32
		{E40D9A05-AD77-409F-A098-2BECE4B012C0}.winxp fre|Win32.ActiveCfg = Release|Win32
		{E40D9A05-AD77-409F-A098-2BECE4B012C0}.winxp fre|Win32.Build.0 = Release|Win32
		{E40D9A05-AD77-409F-A098-2BECE4B012C0}.WNETDebug|Win32.ActiveCfg = Debug|Win32
		{E40D9A05-AD77-409F-A098-2BECE4B012C0}.WNETDebug|Win32.Build.0 = Debug|Win32
		{E40D9A05-AD77-409F-A098-2BECE4B012C0}.WNETRelease|Win32.ActiveCfg = Release|Win32
		{E40D9A05-AD77-409F-A098-2BECE4B012C0}.WNETRelease|Win32.Build.0 = Release|Win32
		{E40D9A05-AD77-409F-A098-2BECE4B012C0}.XP Checked|Win32.ActiveCfg = Release|Win32
		{E40D9A05-AD77-409F-A098-2BECE4B012C0}.XP Checked|Win32.Build.0 = Release|Win32
		{E40D9A05-AD77-409F-A098-2BECE4B012C0}.XP Free|Win32.ActiveCfg = Release|Win32
		{E40D9A05-AD77-409F-A098-2BECE4B012C0}.XP Free|Win32.Build.0 = Release|Win32
	EndGlobalSection
	GlobalSection(SolutionProperties) = preSolution
		HideSolutionNode = FALSE
	EndGlobalSection
EndGlobal
