<?xml version="1.0" encoding="utf-8"?>
<Project ToolsVersion="4.0" xmlns="http://schemas.microsoft.com/developer/msbuild/2003">
  <ItemGroup>
    <Filter Include="Source Files">
      <UniqueIdentifier>{a1c5e331-a2de-483d-80a1-3dbb673ce7b1}</UniqueIdentifier>
      <Extensions>.c;.cpp</Extensions>
    </Filter>
    <Filter Include="Header Files">
      <UniqueIdentifier>{e7711e41-9a70-4076-8810-92b5178bf394}</UniqueIdentifier>
      <Extensions>.h</Extensions>
    </Filter>
    <Filter Include="Resource Files">
      <UniqueIdentifier>{7367e372-1835-489f-ba72-f70710121842}</UniqueIdentifier>
      <Extensions>.rc</Extensions>
    </Filter>
  </ItemGroup>
  <ItemGroup>
    <ClCompile Include="analysispacket.c">
      <Filter>Source Files</Filter>
    </ClCompile>
    <ClCompile Include="Hook.c">
      <Filter>Source Files</Filter>
    </ClCompile>
    <ClCompile Include="miniport.c">
      <Filter>Source Files</Filter>
    </ClCompile>
    <ClCompile Include="passthru.c">
      <Filter>Source Files</Filter>
    </ClCompile>
    <ClCompile Include="protocol.c">
      <Filter>Source Files</Filter>
    </ClCompile>
  </ItemGroup>
  <ItemGroup>
    <ClInclude Include="passthru.h">
      <Filter>Header Files</Filter>
    </ClInclude>
    <ClInclude Include="precomp.h">
      <Filter>Header Files</Filter>
    </ClInclude>
  </ItemGroup>
  <ItemGroup>
    <ResourceCompile Include="passthru.rc">
      <Filter>Resource Files</Filter>
    </ResourceCompile>
  </ItemGroup>
  <ItemGroup>
    <None Include="sources" />
  </ItemGroup>
</Project>